
Microsoft Visual Studio Solution File, Format Version 11.00
# Visual Studio 2010
Project("{FAE04EC0-301F-11D3-BF4B-00C04F79EFBC}") = "CasparCGPlayout", "CasparCGPlayout\CasparCGPlayout.csproj", "{DDBA15A7-2C49-41B0-B3F1-502EF07A979A}"
	ProjectSection(ProjectDependencies) = postProject
		{9B56A150-ECE3-4099-AEA1-0F8E115DC374} = {9B56A150-ECE3-4099-AEA1-0F8E115DC374}
		{53028A9B-CB45-494F-8CC6-214CDE70BCA1} = {53028A9B-CB45-494F-8CC6-214CDE70BCA1}
		{941ED6A5-C8DF-459D-BFCE-5C6ED9AC0492} = {941ED6A5-C8DF-459D-BFCE-5C6ED9AC0492}
	EndProjectSection
EndProject
Project("{FAE04EC0-301F-11D3-BF4B-00C04F79EFBC}") = "Bespoke.Common.Osc", "Dependencies\OSCFramework\Bespoke.Common.Osc\src\Bespoke.Common.Osc.csproj", "{6BAE6DE3-9432-44AC-8214-1176DA6F2DE8}"
EndProject
Project("{FAE04EC0-301F-11D3-BF4B-00C04F79EFBC}") = "Bespoke.Common", "Dependencies\OSCFramework\Bespoke.Common\src\Bespoke.Common.csproj", "{D7695C90-F793-4E8C-B8BA-B6B5E0815093}"
EndProject
Project("{FAE04EC0-301F-11D3-BF4B-00C04F79EFBC}") = "Svt.Caspar", "Dependencies\framework\Svt.Caspar\Svt.Caspar.csproj", "{9B56A150-ECE3-4099-AEA1-0F8E115DC374}"
EndProject
Project("{FAE04EC0-301F-11D3-BF4B-00C04F79EFBC}") = "Svt.Network", "Dependencies\framework\Svt.Network\Svt.Network.csproj", "{941ED6A5-C8DF-459D-BFCE-5C6ED9AC0492}"
EndProject
Project("{FAE04EC0-301F-11D3-BF4B-00C04F79EFBC}") = "CasparCG-Mediawatcher", "CasparCG-Mediawatcher\CasparCG-Mediawatcher.csproj", "{5339E21F-AE02-4D12-8A2B-52354701EF6A}"
	ProjectSection(ProjectDependencies) = postProject
		{DDBA15A7-2C49-41B0-B3F1-502EF07A979A} = {DDBA15A7-2C49-41B0-B3F1-502EF07A979A}
	EndProjectSection
EndProject
Project("{FAE04EC0-301F-11D3-BF4B-00C04F79EFBC}") = "FFmpegSharp", "Dependencies\ffmpeg-sharp\src\FFmpegSharp.csproj", "{09066EC3-71AD-42AD-B403-E8917B47021D}"
EndProject
Project("{FAE04EC0-301F-11D3-BF4B-00C04F79EFBC}") = "DigitalStudioClock", "DigitalStudioClock\DigitalStudioClock.csproj", "{53028A9B-CB45-494F-8CC6-214CDE70BCA1}"
EndProject
Project("{FAE04EC0-301F-11D3-BF4B-00C04F79EFBC}") = "OSCMonitor", "Utils\OSCMonitor\OSCMonitor.csproj", "{9183AB44-D0E7-4A23-B1C8-4F10C5D29379}"
EndProject
Global
	GlobalSection(SolutionConfigurationPlatforms) = preSolution
		Debug|Any CPU = Debug|Any CPU
		Debug|Mixed Platforms = Debug|Mixed Platforms
		Debug|Win32 = Debug|Win32
		Debug|x64 = Debug|x64
		Debug|x86 = Debug|x86
		Develop|Any CPU = Develop|Any CPU
		Develop|Mixed Platforms = Develop|Mixed Platforms
		Develop|Win32 = Develop|Win32
		Develop|x64 = Develop|x64
		Develop|x86 = Develop|x86
		Release|Any CPU = Release|Any CPU
		Release|Mixed Platforms = Release|Mixed Platforms
		Release|Win32 = Release|Win32
		Release|x64 = Release|x64
		Release|x86 = Release|x86
	EndGlobalSection
	GlobalSection(ProjectConfigurationPlatforms) = postSolution
		{DDBA15A7-2C49-41B0-B3F1-502EF07A979A}.Debug|Any CPU.ActiveCfg = Debug|x86
		{DDBA15A7-2C49-41B0-B3F1-502EF07A979A}.Debug|Any CPU.Build.0 = Debug|x86
		{DDBA15A7-2C49-41B0-B3F1-502EF07A979A}.Debug|Mixed Platforms.ActiveCfg = Debug|Any CPU
		{DDBA15A7-2C49-41B0-B3F1-502EF07A979A}.Debug|Mixed Platforms.Build.0 = Debug|Any CPU
		{DDBA15A7-2C49-41B0-B3F1-502EF07A979A}.Debug|Win32.ActiveCfg = Debug|Any CPU
		{DDBA15A7-2C49-41B0-B3F1-502EF07A979A}.Debug|x64.ActiveCfg = Debug|x64
		{DDBA15A7-2C49-41B0-B3F1-502EF07A979A}.Debug|x64.Build.0 = Debug|x64
		{DDBA15A7-2C49-41B0-B3F1-502EF07A979A}.Debug|x86.ActiveCfg = Debug|x86
		{DDBA15A7-2C49-41B0-B3F1-502EF07A979A}.Debug|x86.Build.0 = Debug|x86
		{DDBA15A7-2C49-41B0-B3F1-502EF07A979A}.Develop|Any CPU.ActiveCfg = Debug|Any CPU
		{DDBA15A7-2C49-41B0-B3F1-502EF07A979A}.Develop|Any CPU.Build.0 = Debug|Any CPU
		{DDBA15A7-2C49-41B0-B3F1-502EF07A979A}.Develop|Mixed Platforms.ActiveCfg = Debug|Any CPU
		{DDBA15A7-2C49-41B0-B3F1-502EF07A979A}.Develop|Mixed Platforms.Build.0 = Debug|Any CPU
		{DDBA15A7-2C49-41B0-B3F1-502EF07A979A}.Develop|Win32.ActiveCfg = Debug|Any CPU
		{DDBA15A7-2C49-41B0-B3F1-502EF07A979A}.Develop|x64.ActiveCfg = Debug|Any CPU
		{DDBA15A7-2C49-41B0-B3F1-502EF07A979A}.Develop|x86.ActiveCfg = Debug|Any CPU
		{DDBA15A7-2C49-41B0-B3F1-502EF07A979A}.Release|Any CPU.ActiveCfg = Release|x86
		{DDBA15A7-2C49-41B0-B3F1-502EF07A979A}.Release|Any CPU.Build.0 = Release|x86
		{DDBA15A7-2C49-41B0-B3F1-502EF07A979A}.Release|Mixed Platforms.ActiveCfg = Release|Any CPU
		{DDBA15A7-2C49-41B0-B3F1-502EF07A979A}.Release|Mixed Platforms.Build.0 = Release|Any CPU
		{DDBA15A7-2C49-41B0-B3F1-502EF07A979A}.Release|Win32.ActiveCfg = Release|Any CPU
		{DDBA15A7-2C49-41B0-B3F1-502EF07A979A}.Release|x64.ActiveCfg = Release|x64
		{DDBA15A7-2C49-41B0-B3F1-502EF07A979A}.Release|x64.Build.0 = Release|x64
		{DDBA15A7-2C49-41B0-B3F1-502EF07A979A}.Release|x86.ActiveCfg = Release|x86
		{DDBA15A7-2C49-41B0-B3F1-502EF07A979A}.Release|x86.Build.0 = Release|x86
		{6BAE6DE3-9432-44AC-8214-1176DA6F2DE8}.Debug|Any CPU.ActiveCfg = Debug|x86
		{6BAE6DE3-9432-44AC-8214-1176DA6F2DE8}.Debug|Any CPU.Build.0 = Debug|x86
		{6BAE6DE3-9432-44AC-8214-1176DA6F2DE8}.Debug|Mixed Platforms.ActiveCfg = Debug|Any CPU
		{6BAE6DE3-9432-44AC-8214-1176DA6F2DE8}.Debug|Mixed Platforms.Build.0 = Debug|Any CPU
		{6BAE6DE3-9432-44AC-8214-1176DA6F2DE8}.Debug|Win32.ActiveCfg = Debug|Any CPU
		{6BAE6DE3-9432-44AC-8214-1176DA6F2DE8}.Debug|x64.ActiveCfg = Debug|x64
		{6BAE6DE3-9432-44AC-8214-1176DA6F2DE8}.Debug|x64.Build.0 = Debug|x64
		{6BAE6DE3-9432-44AC-8214-1176DA6F2DE8}.Debug|x86.ActiveCfg = Debug|x86
		{6BAE6DE3-9432-44AC-8214-1176DA6F2DE8}.Debug|x86.Build.0 = Debug|x86
		{6BAE6DE3-9432-44AC-8214-1176DA6F2DE8}.Develop|Any CPU.ActiveCfg = Debug|Any CPU
		{6BAE6DE3-9432-44AC-8214-1176DA6F2DE8}.Develop|Any CPU.Build.0 = Debug|Any CPU
		{6BAE6DE3-9432-44AC-8214-1176DA6F2DE8}.Develop|Mixed Platforms.ActiveCfg = Debug|Any CPU
		{6BAE6DE3-9432-44AC-8214-1176DA6F2DE8}.Develop|Mixed Platforms.Build.0 = Debug|Any CPU
		{6BAE6DE3-9432-44AC-8214-1176DA6F2DE8}.Develop|Win32.ActiveCfg = Debug|Any CPU
		{6BAE6DE3-9432-44AC-8214-1176DA6F2DE8}.Develop|x64.ActiveCfg = Debug|Any CPU
		{6BAE6DE3-9432-44AC-8214-1176DA6F2DE8}.Develop|x86.ActiveCfg = Debug|Any CPU
		{6BAE6DE3-9432-44AC-8214-1176DA6F2DE8}.Release|Any CPU.ActiveCfg = Release|x86
		{6BAE6DE3-9432-44AC-8214-1176DA6F2DE8}.Release|Any CPU.Build.0 = Release|x86
		{6BAE6DE3-9432-44AC-8214-1176DA6F2DE8}.Release|Mixed Platforms.ActiveCfg = Release|Any CPU
		{6BAE6DE3-9432-44AC-8214-1176DA6F2DE8}.Release|Mixed Platforms.Build.0 = Release|Any CPU
		{6BAE6DE3-9432-44AC-8214-1176DA6F2DE8}.Release|Win32.ActiveCfg = Release|Any CPU
		{6BAE6DE3-9432-44AC-8214-1176DA6F2DE8}.Release|x64.ActiveCfg = Release|x64
		{6BAE6DE3-9432-44AC-8214-1176DA6F2DE8}.Release|x64.Build.0 = Release|x64
		{6BAE6DE3-9432-44AC-8214-1176DA6F2DE8}.Release|x86.ActiveCfg = Release|x86
		{6BAE6DE3-9432-44AC-8214-1176DA6F2DE8}.Release|x86.Build.0 = Release|x86
		{D7695C90-F793-4E8C-B8BA-B6B5E0815093}.Debug|Any CPU.ActiveCfg = Debug|x86
		{D7695C90-F793-4E8C-B8BA-B6B5E0815093}.Debug|Any CPU.Build.0 = Debug|x86
		{D7695C90-F793-4E8C-B8BA-B6B5E0815093}.Debug|Mixed Platforms.ActiveCfg = Debug|Any CPU
		{D7695C90-F793-4E8C-B8BA-B6B5E0815093}.Debug|Mixed Platforms.Build.0 = Debug|Any CPU
		{D7695C90-F793-4E8C-B8BA-B6B5E0815093}.Debug|Win32.ActiveCfg = Debug|Any CPU
		{D7695C90-F793-4E8C-B8BA-B6B5E0815093}.Debug|x64.ActiveCfg = Debug|x64
		{D7695C90-F793-4E8C-B8BA-B6B5E0815093}.Debug|x64.Build.0 = Debug|x64
		{D7695C90-F793-4E8C-B8BA-B6B5E0815093}.Debug|x86.ActiveCfg = Debug|x86
		{D7695C90-F793-4E8C-B8BA-B6B5E0815093}.Debug|x86.Build.0 = Debug|x86
		{D7695C90-F793-4E8C-B8BA-B6B5E0815093}.Develop|Any CPU.ActiveCfg = Debug|Any CPU
		{D7695C90-F793-4E8C-B8BA-B6B5E0815093}.Develop|Any CPU.Build.0 = Debug|Any CPU
		{D7695C90-F793-4E8C-B8BA-B6B5E0815093}.Develop|Mixed Platforms.ActiveCfg = Debug|Any CPU
		{D7695C90-F793-4E8C-B8BA-B6B5E0815093}.Develop|Mixed Platforms.Build.0 = Debug|Any CPU
		{D7695C90-F793-4E8C-B8BA-B6B5E0815093}.Develop|Win32.ActiveCfg = Debug|Any CPU
		{D7695C90-F793-4E8C-B8BA-B6B5E0815093}.Develop|x64.ActiveCfg = Debug|Any CPU
		{D7695C90-F793-4E8C-B8BA-B6B5E0815093}.Develop|x86.ActiveCfg = Debug|Any CPU
		{D7695C90-F793-4E8C-B8BA-B6B5E0815093}.Release|Any CPU.ActiveCfg = Release|x86
		{D7695C90-F793-4E8C-B8BA-B6B5E0815093}.Release|Any CPU.Build.0 = Release|x86
		{D7695C90-F793-4E8C-B8BA-B6B5E0815093}.Release|Mixed Platforms.ActiveCfg = Release|Any CPU
		{D7695C90-F793-4E8C-B8BA-B6B5E0815093}.Release|Mixed Platforms.Build.0 = Release|Any CPU
		{D7695C90-F793-4E8C-B8BA-B6B5E0815093}.Release|Win32.ActiveCfg = Release|Any CPU
		{D7695C90-F793-4E8C-B8BA-B6B5E0815093}.Release|x64.ActiveCfg = Release|x64
		{D7695C90-F793-4E8C-B8BA-B6B5E0815093}.Release|x64.Build.0 = Release|x64
		{D7695C90-F793-4E8C-B8BA-B6B5E0815093}.Release|x86.ActiveCfg = Release|x86
		{D7695C90-F793-4E8C-B8BA-B6B5E0815093}.Release|x86.Build.0 = Release|x86
		{9B56A150-ECE3-4099-AEA1-0F8E115DC374}.Debug|Any CPU.ActiveCfg = Debug|Any CPU
		{9B56A150-ECE3-4099-AEA1-0F8E115DC374}.Debug|Any CPU.Build.0 = Debug|Any CPU
		{9B56A150-ECE3-4099-AEA1-0F8E115DC374}.Debug|Mixed Platforms.ActiveCfg = Debug|x64
		{9B56A150-ECE3-4099-AEA1-0F8E115DC374}.Debug|Mixed Platforms.Build.0 = Debug|x64
		{9B56A150-ECE3-4099-AEA1-0F8E115DC374}.Debug|Win32.ActiveCfg = Debug|x64
		{9B56A150-ECE3-4099-AEA1-0F8E115DC374}.Debug|x64.ActiveCfg = Debug|x64
		{9B56A150-ECE3-4099-AEA1-0F8E115DC374}.Debug|x64.Build.0 = Debug|x64
		{9B56A150-ECE3-4099-AEA1-0F8E115DC374}.Debug|x86.ActiveCfg = Debug|x86
		{9B56A150-ECE3-4099-AEA1-0F8E115DC374}.Debug|x86.Build.0 = Debug|x86
		{9B56A150-ECE3-4099-AEA1-0F8E115DC374}.Develop|Any CPU.ActiveCfg = Develop|Any CPU
		{9B56A150-ECE3-4099-AEA1-0F8E115DC374}.Develop|Any CPU.Build.0 = Develop|Any CPU
		{9B56A150-ECE3-4099-AEA1-0F8E115DC374}.Develop|Mixed Platforms.ActiveCfg = Develop|x64
		{9B56A150-ECE3-4099-AEA1-0F8E115DC374}.Develop|Mixed Platforms.Build.0 = Develop|x64
		{9B56A150-ECE3-4099-AEA1-0F8E115DC374}.Develop|Win32.ActiveCfg = Develop|x64
		{9B56A150-ECE3-4099-AEA1-0F8E115DC374}.Develop|x64.ActiveCfg = Develop|x64
		{9B56A150-ECE3-4099-AEA1-0F8E115DC374}.Develop|x64.Build.0 = Develop|x64
		{9B56A150-ECE3-4099-AEA1-0F8E115DC374}.Develop|x86.ActiveCfg = Develop|x86
		{9B56A150-ECE3-4099-AEA1-0F8E115DC374}.Develop|x86.Build.0 = Develop|x86
		{9B56A150-ECE3-4099-AEA1-0F8E115DC374}.Release|Any CPU.ActiveCfg = Release|Any CPU
		{9B56A150-ECE3-4099-AEA1-0F8E115DC374}.Release|Any CPU.Build.0 = Release|Any CPU
		{9B56A150-ECE3-4099-AEA1-0F8E115DC374}.Release|Mixed Platforms.ActiveCfg = Release|x64
		{9B56A150-ECE3-4099-AEA1-0F8E115DC374}.Release|Mixed Platforms.Build.0 = Release|x64
		{9B56A150-ECE3-4099-AEA1-0F8E115DC374}.Release|Win32.ActiveCfg = Release|x64
		{9B56A150-ECE3-4099-AEA1-0F8E115DC374}.Release|x64.ActiveCfg = Release|x64
		{9B56A150-ECE3-4099-AEA1-0F8E115DC374}.Release|x64.Build.0 = Release|x64
		{9B56A150-ECE3-4099-AEA1-0F8E115DC374}.Release|x86.ActiveCfg = Release|x86
		{9B56A150-ECE3-4099-AEA1-0F8E115DC374}.Release|x86.Build.0 = Release|x86
		{941ED6A5-C8DF-459D-BFCE-5C6ED9AC0492}.Debug|Any CPU.ActiveCfg = Debug|Any CPU
		{941ED6A5-C8DF-459D-BFCE-5C6ED9AC0492}.Debug|Any CPU.Build.0 = Debug|Any CPU
		{941ED6A5-C8DF-459D-BFCE-5C6ED9AC0492}.Debug|Mixed Platforms.ActiveCfg = Debug|x64
		{941ED6A5-C8DF-459D-BFCE-5C6ED9AC0492}.Debug|Mixed Platforms.Build.0 = Debug|x64
		{941ED6A5-C8DF-459D-BFCE-5C6ED9AC0492}.Debug|Win32.ActiveCfg = Debug|x64
		{941ED6A5-C8DF-459D-BFCE-5C6ED9AC0492}.Debug|x64.ActiveCfg = Debug|x64
		{941ED6A5-C8DF-459D-BFCE-5C6ED9AC0492}.Debug|x64.Build.0 = Debug|x64
		{941ED6A5-C8DF-459D-BFCE-5C6ED9AC0492}.Debug|x86.ActiveCfg = Debug|x86
		{941ED6A5-C8DF-459D-BFCE-5C6ED9AC0492}.Debug|x86.Build.0 = Debug|x86
		{941ED6A5-C8DF-459D-BFCE-5C6ED9AC0492}.Develop|Any CPU.ActiveCfg = Develop|Any CPU
		{941ED6A5-C8DF-459D-BFCE-5C6ED9AC0492}.Develop|Any CPU.Build.0 = Develop|Any CPU
		{941ED6A5-C8DF-459D-BFCE-5C6ED9AC0492}.Develop|Mixed Platforms.ActiveCfg = Develop|x64
		{941ED6A5-C8DF-459D-BFCE-5C6ED9AC0492}.Develop|Mixed Platforms.Build.0 = Develop|x64
		{941ED6A5-C8DF-459D-BFCE-5C6ED9AC0492}.Develop|Win32.ActiveCfg = Develop|x64
		{941ED6A5-C8DF-459D-BFCE-5C6ED9AC0492}.Develop|x64.ActiveCfg = Develop|x64
		{941ED6A5-C8DF-459D-BFCE-5C6ED9AC0492}.Develop|x64.Build.0 = Develop|x64
		{941ED6A5-C8DF-459D-BFCE-5C6ED9AC0492}.Develop|x86.ActiveCfg = Develop|x86
		{941ED6A5-C8DF-459D-BFCE-5C6ED9AC0492}.Develop|x86.Build.0 = Develop|x86
		{941ED6A5-C8DF-459D-BFCE-5C6ED9AC0492}.Release|Any CPU.ActiveCfg = Release|Any CPU
		{941ED6A5-C8DF-459D-BFCE-5C6ED9AC0492}.Release|Any CPU.Build.0 = Release|Any CPU
		{941ED6A5-C8DF-459D-BFCE-5C6ED9AC0492}.Release|Mixed Platforms.ActiveCfg = Release|x64
		{941ED6A5-C8DF-459D-BFCE-5C6ED9AC0492}.Release|Mixed Platforms.Build.0 = Release|x64
		{941ED6A5-C8DF-459D-BFCE-5C6ED9AC0492}.Release|Win32.ActiveCfg = Release|x64
		{941ED6A5-C8DF-459D-BFCE-5C6ED9AC0492}.Release|x64.ActiveCfg = Release|x64
		{941ED6A5-C8DF-459D-BFCE-5C6ED9AC0492}.Release|x64.Build.0 = Release|x64
		{941ED6A5-C8DF-459D-BFCE-5C6ED9AC0492}.Release|x86.ActiveCfg = Release|x86
		{941ED6A5-C8DF-459D-BFCE-5C6ED9AC0492}.Release|x86.Build.0 = Release|x86
		{5339E21F-AE02-4D12-8A2B-52354701EF6A}.Debug|Any CPU.ActiveCfg = Debug|x86
		{5339E21F-AE02-4D12-8A2B-52354701EF6A}.Debug|Mixed Platforms.ActiveCfg = Debug|x86
		{5339E21F-AE02-4D12-8A2B-52354701EF6A}.Debug|Mixed Platforms.Build.0 = Debug|x86
		{5339E21F-AE02-4D12-8A2B-52354701EF6A}.Debug|Win32.ActiveCfg = Debug|x86
		{5339E21F-AE02-4D12-8A2B-52354701EF6A}.Debug|x64.ActiveCfg = Debug|x86
		{5339E21F-AE02-4D12-8A2B-52354701EF6A}.Debug|x86.ActiveCfg = Debug|x86
		{5339E21F-AE02-4D12-8A2B-52354701EF6A}.Debug|x86.Build.0 = Debug|x86
		{5339E21F-AE02-4D12-8A2B-52354701EF6A}.Develop|Any CPU.ActiveCfg = Debug|x86
		{5339E21F-AE02-4D12-8A2B-52354701EF6A}.Develop|Mixed Platforms.ActiveCfg = Debug|x86
		{5339E21F-AE02-4D12-8A2B-52354701EF6A}.Develop|Mixed Platforms.Build.0 = Debug|x86
		{5339E21F-AE02-4D12-8A2B-52354701EF6A}.Develop|Win32.ActiveCfg = Debug|x86
		{5339E21F-AE02-4D12-8A2B-52354701EF6A}.Develop|x64.ActiveCfg = Debug|x86
		{5339E21F-AE02-4D12-8A2B-52354701EF6A}.Develop|x86.ActiveCfg = Debug|x86
		{5339E21F-AE02-4D12-8A2B-52354701EF6A}.Develop|x86.Build.0 = Debug|x86
		{5339E21F-AE02-4D12-8A2B-52354701EF6A}.Release|Any CPU.ActiveCfg = Release|x86
		{5339E21F-AE02-4D12-8A2B-52354701EF6A}.Release|Mixed Platforms.ActiveCfg = Release|x86
		{5339E21F-AE02-4D12-8A2B-52354701EF6A}.Release|Mixed Platforms.Build.0 = Release|x86
		{5339E21F-AE02-4D12-8A2B-52354701EF6A}.Release|Win32.ActiveCfg = Release|x86
		{5339E21F-AE02-4D12-8A2B-52354701EF6A}.Release|x64.ActiveCfg = Release|x86
		{5339E21F-AE02-4D12-8A2B-52354701EF6A}.Release|x86.ActiveCfg = Release|x86
		{5339E21F-AE02-4D12-8A2B-52354701EF6A}.Release|x86.Build.0 = Release|x86
		{09066EC3-71AD-42AD-B403-E8917B47021D}.Debug|Any CPU.ActiveCfg = Debug|Any CPU
		{09066EC3-71AD-42AD-B403-E8917B47021D}.Debug|Any CPU.Build.0 = Debug|Any CPU
		{09066EC3-71AD-42AD-B403-E8917B47021D}.Debug|Mixed Platforms.ActiveCfg = Debug|Any CPU
		{09066EC3-71AD-42AD-B403-E8917B47021D}.Debug|Mixed Platforms.Build.0 = Debug|Any CPU
		{09066EC3-71AD-42AD-B403-E8917B47021D}.Debug|Win32.ActiveCfg = Debug|Any CPU
		{09066EC3-71AD-42AD-B403-E8917B47021D}.Debug|x64.ActiveCfg = Debug|Any CPU
		{09066EC3-71AD-42AD-B403-E8917B47021D}.Debug|x86.ActiveCfg = Debug|Any CPU
		{09066EC3-71AD-42AD-B403-E8917B47021D}.Develop|Any CPU.ActiveCfg = Debug|Any CPU
		{09066EC3-71AD-42AD-B403-E8917B47021D}.Develop|Any CPU.Build.0 = Debug|Any CPU
		{09066EC3-71AD-42AD-B403-E8917B47021D}.Develop|Mixed Platforms.ActiveCfg = Debug|Any CPU
		{09066EC3-71AD-42AD-B403-E8917B47021D}.Develop|Mixed Platforms.Build.0 = Debug|Any CPU
		{09066EC3-71AD-42AD-B403-E8917B47021D}.Develop|Win32.ActiveCfg = Debug|Any CPU
		{09066EC3-71AD-42AD-B403-E8917B47021D}.Develop|x64.ActiveCfg = Debug|Any CPU
		{09066EC3-71AD-42AD-B403-E8917B47021D}.Develop|x86.ActiveCfg = Debug|Any CPU
		{09066EC3-71AD-42AD-B403-E8917B47021D}.Release|Any CPU.ActiveCfg = Release|Any CPU
		{09066EC3-71AD-42AD-B403-E8917B47021D}.Release|Any CPU.Build.0 = Release|Any CPU
		{09066EC3-71AD-42AD-B403-E8917B47021D}.Release|Mixed Platforms.ActiveCfg = Release|Any CPU
		{09066EC3-71AD-42AD-B403-E8917B47021D}.Release|Mixed Platforms.Build.0 = Release|Any CPU
		{09066EC3-71AD-42AD-B403-E8917B47021D}.Release|Win32.ActiveCfg = Release|Any CPU
		{09066EC3-71AD-42AD-B403-E8917B47021D}.Release|x64.ActiveCfg = Release|Any CPU
		{09066EC3-71AD-42AD-B403-E8917B47021D}.Release|x86.ActiveCfg = Release|Any CPU
		{53028A9B-CB45-494F-8CC6-214CDE70BCA1}.Debug|Any CPU.ActiveCfg = Debug|Any CPU
		{53028A9B-CB45-494F-8CC6-214CDE70BCA1}.Debug|Any CPU.Build.0 = Debug|Any CPU
		{53028A9B-CB45-494F-8CC6-214CDE70BCA1}.Debug|Mixed Platforms.ActiveCfg = Debug|Any CPU
		{53028A9B-CB45-494F-8CC6-214CDE70BCA1}.Debug|Mixed Platforms.Build.0 = Debug|Any CPU
		{53028A9B-CB45-494F-8CC6-214CDE70BCA1}.Debug|Win32.ActiveCfg = Debug|Any CPU
		{53028A9B-CB45-494F-8CC6-214CDE70BCA1}.Debug|x64.ActiveCfg = Debug|Any CPU
		{53028A9B-CB45-494F-8CC6-214CDE70BCA1}.Debug|x86.ActiveCfg = Debug|Any CPU
		{53028A9B-CB45-494F-8CC6-214CDE70BCA1}.Develop|Any CPU.ActiveCfg = Debug|Any CPU
		{53028A9B-CB45-494F-8CC6-214CDE70BCA1}.Develop|Any CPU.Build.0 = Debug|Any CPU
		{53028A9B-CB45-494F-8CC6-214CDE70BCA1}.Develop|Mixed Platforms.ActiveCfg = Debug|Any CPU
		{53028A9B-CB45-494F-8CC6-214CDE70BCA1}.Develop|Mixed Platforms.Build.0 = Debug|Any CPU
		{53028A9B-CB45-494F-8CC6-214CDE70BCA1}.Develop|Win32.ActiveCfg = Debug|Any CPU
		{53028A9B-CB45-494F-8CC6-214CDE70BCA1}.Develop|x64.ActiveCfg = Debug|Any CPU
		{53028A9B-CB45-494F-8CC6-214CDE70BCA1}.Develop|x86.ActiveCfg = Debug|Any CPU
		{53028A9B-CB45-494F-8CC6-214CDE70BCA1}.Release|Any CPU.ActiveCfg = Release|Any CPU
		{53028A9B-CB45-494F-8CC6-214CDE70BCA1}.Release|Any CPU.Build.0 = Release|Any CPU
		{53028A9B-CB45-494F-8CC6-214CDE70BCA1}.Release|Mixed Platforms.ActiveCfg = Release|Any CPU
		{53028A9B-CB45-494F-8CC6-214CDE70BCA1}.Release|Mixed Platforms.Build.0 = Release|Any CPU
		{53028A9B-CB45-494F-8CC6-214CDE70BCA1}.Release|Win32.ActiveCfg = Release|Any CPU
		{53028A9B-CB45-494F-8CC6-214CDE70BCA1}.Release|x64.ActiveCfg = Release|Any CPU
		{53028A9B-CB45-494F-8CC6-214CDE70BCA1}.Release|x86.ActiveCfg = Release|Any CPU
		{9183AB44-D0E7-4A23-B1C8-4F10C5D29379}.Debug|Any CPU.ActiveCfg = Debug|x86
		{9183AB44-D0E7-4A23-B1C8-4F10C5D29379}.Debug|Mixed Platforms.ActiveCfg = Debug|x86
		{9183AB44-D0E7-4A23-B1C8-4F10C5D29379}.Debug|Mixed Platforms.Build.0 = Debug|x86
		{9183AB44-D0E7-4A23-B1C8-4F10C5D29379}.Debug|Win32.ActiveCfg = Debug|x86
		{9183AB44-D0E7-4A23-B1C8-4F10C5D29379}.Debug|x64.ActiveCfg = Debug|x86
		{9183AB44-D0E7-4A23-B1C8-4F10C5D29379}.Debug|x86.ActiveCfg = Debug|x86
		{9183AB44-D0E7-4A23-B1C8-4F10C5D29379}.Debug|x86.Build.0 = Debug|x86
		{9183AB44-D0E7-4A23-B1C8-4F10C5D29379}.Develop|Any CPU.ActiveCfg = Debug|x86
		{9183AB44-D0E7-4A23-B1C8-4F10C5D29379}.Develop|Mixed Platforms.ActiveCfg = Debug|x86
		{9183AB44-D0E7-4A23-B1C8-4F10C5D29379}.Develop|Mixed Platforms.Build.0 = Debug|x86
		{9183AB44-D0E7-4A23-B1C8-4F10C5D29379}.Develop|Win32.ActiveCfg = Debug|x86
		{9183AB44-D0E7-4A23-B1C8-4F10C5D29379}.Develop|x64.ActiveCfg = Debug|x86
		{9183AB44-D0E7-4A23-B1C8-4F10C5D29379}.Develop|x86.ActiveCfg = Debug|x86
		{9183AB44-D0E7-4A23-B1C8-4F10C5D29379}.Develop|x86.Build.0 = Debug|x86
		{9183AB44-D0E7-4A23-B1C8-4F10C5D29379}.Release|Any CPU.ActiveCfg = Release|x86
		{9183AB44-D0E7-4A23-B1C8-4F10C5D29379}.Release|Mixed Platforms.ActiveCfg = Release|x86
		{9183AB44-D0E7-4A23-B1C8-4F10C5D29379}.Release|Mixed Platforms.Build.0 = Release|x86
		{9183AB44-D0E7-4A23-B1C8-4F10C5D29379}.Release|Win32.ActiveCfg = Release|x86
		{9183AB44-D0E7-4A23-B1C8-4F10C5D29379}.Release|x64.ActiveCfg = Release|x86
		{9183AB44-D0E7-4A23-B1C8-4F10C5D29379}.Release|x86.ActiveCfg = Release|x86
		{9183AB44-D0E7-4A23-B1C8-4F10C5D29379}.Release|x86.Build.0 = Release|x86
	EndGlobalSection
	GlobalSection(SolutionProperties) = preSolution
		HideSolutionNode = FALSE
	EndGlobalSection
EndGlobal
